
Microsoft Visual Studio Solution File, Format Version 12.00
# Visual Studio Version 17
VisualStudioVersion = 17.14.36705.20
MinimumVisualStudioVersion = 10.0.40219.1
Project("{FAE04EC0-301F-11D3-BF4B-00C04F79EFBC}") = "Labb4.2", "Labb4.2.csproj", "{4C383E43-E18F-444D-9241-C4435A862B2B}"
EndProject
Global
	GlobalSection(SolutionConfigurationPlatforms) = preSolution
		Debug|Any CPU = Debug|Any CPU
		Release|Any CPU = Release|Any CPU
	EndGlobalSection
	GlobalSection(ProjectConfigurationPlatforms) = postSolution
		{4C383E43-E18F-444D-9241-C4435A862B2B}.Debug|Any CPU.ActiveCfg = Debug|Any CPU
		{4C383E43-E18F-444D-9241-C4435A862B2B}.Debug|Any CPU.Build.0 = Debug|Any CPU
		{4C383E43-E18F-444D-9241-C4435A862B2B}.Release|Any CPU.ActiveCfg = Release|Any CPU
		{4C383E43-E18F-444D-9241-C4435A862B2B}.Release|Any CPU.Build.0 = Release|Any CPU
	EndGlobalSection
	GlobalSection(SolutionProperties) = preSolution
		HideSolutionNode = FALSE
	EndGlobalSection
	GlobalSection(ExtensibilityGlobals) = postSolution
		SolutionGuid = {BB97C8DC-9118-40C8-BAC6-D497DCD7A99B}
	EndGlobalSection
EndGlobal
